
Microsoft Visual Studio Solution File, Format Version 12.00
# Visual Studio Version 16
VisualStudioVersion = 16.0.28917.181
MinimumVisualStudioVersion = 10.0.40219.1
Project("{FAE04EC0-301F-11D3-BF4B-00C04F79EFBC}") = "Xadrez-console", "Xadrez-console.csproj", "{4C3481C0-3D4C-4610-8236-509D0BDCE502}"
EndProject
Global
	GlobalSection(SolutionConfigurationPlatforms) = preSolution
		Debug|Any CPU = Debug|Any CPU
		Release|Any CPU = Release|Any CPU
	EndGlobalSection
	GlobalSection(ProjectConfigurationPlatforms) = postSolution
		{4C3481C0-3D4C-4610-8236-509D0BDCE502}.Debug|Any CPU.ActiveCfg = Debug|Any CPU
		{4C3481C0-3D4C-4610-8236-509D0BDCE502}.Debug|Any CPU.Build.0 = Debug|Any CPU
		{4C3481C0-3D4C-4610-8236-509D0BDCE502}.Release|Any CPU.ActiveCfg = Release|Any CPU
		{4C3481C0-3D4C-4610-8236-509D0BDCE502}.Release|Any CPU.Build.0 = Release|Any CPU
	EndGlobalSection
	GlobalSection(SolutionProperties) = preSolution
		HideSolutionNode = FALSE
	EndGlobalSection
	GlobalSection(ExtensibilityGlobals) = postSolution
		SolutionGuid = {5C5844A5-242A-4BFE-8F9E-952CAFC742B9}
	EndGlobalSection
EndGlobal
